// !$*UTF8*$!
{
	archiveVersion = 1;
	classes = {
	};
	objectVersion = 46;
	objects = {

/* Begin PBXBuildFile section */
		9DAB79FA1CD7F69600AFA1CC /* AppDelegate.swift in Sources */ = {isa = PBXBuildFile; fileRef = 9DAB79F91CD7F69600AFA1CC /* AppDelegate.swift */; };
		9DAB79FC1CD7F69600AFA1CC /* ViewController.swift in Sources */ = {isa = PBXBuildFile; fileRef = 9DAB79FB1CD7F69600AFA1CC /* ViewController.swift */; };
		9DAB79FF1CD7F69700AFA1CC /* Main.storyboard in Resources */ = {isa = PBXBuildFile; fileRef = 9DAB79FD1CD7F69700AFA1CC /* Main.storyboard */; };
		9DAB7A011CD7F69700AFA1CC /* Assets.xcassets in Resources */ = {isa = PBXBuildFile; fileRef = 9DAB7A001CD7F69700AFA1CC /* Assets.xcassets */; };
		9DAB7A041CD7F69700AFA1CC /* LaunchScreen.storyboard in Resources */ = {isa = PBXBuildFile; fileRef = 9DAB7A021CD7F69700AFA1CC /* LaunchScreen.storyboard */; };
/* End PBXBuildFile section */

/* Begin PBXFileReference section */
		9DAB79F61CD7F69600AFA1CC /* HelloWorld.app */ = {isa = PBXFileReference; explicitFileType = wrapper.application; includeInIndex = 0; path = HelloWorld.app; sourceTree = BUILT_PRODUCTS_DIR; };
		9DAB79F91CD7F69600AFA1CC /* AppDelegate.swift */ = {isa = PBXFileReference; lastKnownFileType = sourcecode.swift; path = AppDelegate.swift; sourceTree = "<group>"; };
		9DAB79FB1CD7F69600AFA1CC /* ViewController.swift */ = {isa = PBXFileReference; lastKnownFileType = sourcecode.swift; path = ViewController.swift; sourceTree = "<group>"; };
		9DAB79FE1CD7F69700AFA1CC /* Base */ = {isa = PBXFileReference; lastKnownFileType = file.storyboard; name = Base; path = Base.lproj/Main.storyboard; sourceTree = "<group>"; };
		9DAB7A001CD7F69700AFA1CC /* Assets.xcassets */ = {isa = PBXFileReference; lastKnownFileType = folder.assetcatalog; path = Assets.xcassets; sourceTree = "<group>"; };
		9DAB7A031CD7F69700AFA1CC /* Base */ = {isa = PBXFileReference; lastKnownFileType = file.storyboard; name = Base; path = Base.lproj/LaunchScreen.storyboard; sourceTree = "<group>"; };
		9DAB7A051CD7F69700AFA1CC /* Info.plist */ = {isa = PBXFileReference; lastKnownFileType = text.plist.xml; path = Info.plist; sourceTree = "<group>"; };
/* End PBXFileReference section */

/* Begin PBXFrameworksBuildPhase section */
		9DAB79F31CD7F69600AFA1CC /* Frameworks */ = {
			isa = PBXFrameworksBuildPhase;
			buildActionMask = 2147483647;
			files = (
			);
			runOnlyForDeploymentPostprocessing = 0;
		};
/* End PBXFrameworksBuildPhase section */

/* Begin PBXGroup section */
		9DAB79ED1CD7F69600AFA1CC = {
			isa = PBXGroup;
			children = (
				9DAB79F81CD7F69600AFA1CC /* HelloWorld */,
				9DAB79F71CD7F69600AFA1CC /* Products */,
			);
			sourceTree = "<group>";
		};
		9DAB79F71CD7F69600AFA1CC /* Products */ = {
			isa = PBXGroup;
			children = (
				9DAB79F61CD7F69600AFA1CC /* HelloWorld.app */,
			);
			name = Products;
			sourceTree = "<group>";
		};
		9DAB79F81CD7F69600AFA1CC /* HelloWorld */ = {
			isa = PBXGroup;
			children = (
				9DAB79F91CD7F69600AFA1CC /* AppDelegate.swift */,
				9DAB79FB1CD7F69600AFA1CC /* ViewController.swift */,
				9DAB79FD1CD7F69700AFA1CC /* Main.storyboard */,
				9DAB7A001CD7F69700AFA1CC /* Assets.xcassets */,
				9DAB7A021CD7F69700AFA1CC /* LaunchScreen.storyboard */,
				9DAB7A051CD7F69700AFA1CC /* Info.plist */,
			);
			path = HelloWorld;
			sourceTree = "<group>";
		};
/* End PBXGroup section */

/* Begin PBXNativeTarget section */
		9DAB79F51CD7F69600AFA1CC /* HelloWorld */ = {
			isa = PBXNativeTarget;
			buildConfigurationList = 9DAB7A081CD7F69700AFA1CC /* Build configuration list for PBXNativeTarget "HelloWorld" */;
			buildPhases = (
				9DAB79F21CD7F69600AFA1CC /* Sources */,
				9DAB79F31CD7F69600AFA1CC /* Frameworks */,
				9DAB79F41CD7F69600AFA1CC /* Resources */,
			);
			buildRules = (
			);
			dependencies = (
			);
			name = HelloWorld;
			productName = HelloWorld;
			productReference = 9DAB79F61CD7F69600AFA1CC /* HelloWorld.app */;
			productType = "com.apple.product-type.application";
		};
/* End PBXNativeTarget section */

/* Begin PBXProject section */
		9DAB79EE1CD7F69600AFA1CC /* Project object */ = {
			isa = PBXProject;
			attributes = {
				LastSwiftUpdateCheck = 0730;
				LastUpgradeCheck = 0730;
				ORGANIZATIONNAME = "Manan Sharma";
				TargetAttributes = {
					9DAB79F51CD7F69600AFA1CC = {
						CreatedOnToolsVersion = 7.3;
					};
				};
			};
			buildConfigurationList = 9DAB79F11CD7F69600AFA1CC /* Build configuration list for PBXProject "HelloWorld" */;
			compatibilityVersion = "Xcode 3.2";
			developmentRegion = English;
			hasScannedForEncodings = 0;
			knownRegions = (
				en,
				Base,
			);
			mainGroup = 9DAB79ED1CD7F69600AFA1CC;
			productRefGroup = 9DAB79F71CD7F69600AFA1CC /* Products */;
			projectDirPath = "";
			projectRoot = "";
			targets = (
				9DAB79F51CD7F69600AFA1CC /* HelloWorld */,
			);
		};
/* End PBXProject section */

/* Begin PBXResourcesBuildPhase section */
		9DAB79F41CD7F69600AFA1CC /* Resources */ = {
			isa = PBXResourcesBuildPhase;
			buildActionMask = 2147483647;
			files = (
				9DAB7A041CD7F69700AFA1CC /* LaunchScreen.storyboard in Resources */,
				9DAB7A011CD7F69700AFA1CC /* Assets.xcassets in Resources */,
				9DAB79FF1CD7F69700AFA1CC /* Main.storyboard in Resources */,
			);
			runOnlyForDeploymentPostprocessing = 0;
		};
/* End PBXResourcesBuildPhase section */

/* Begin PBXSourcesBuildPhase section */
		9DAB79F21CD7F69600AFA1CC /* Sources */ = {
			isa = PBXSourcesBuildPhase;
			buildActionMask = 2147483647;
			files = (
				9DAB79FC1CD7F69600AFA1CC /* ViewController.swift in Sources */,
				9DAB79FA1CD7F69600AFA1CC /* AppDelegate.swift in Sources */,
			);
			runOnlyForDeploymentPostprocessing = 0;
		};
/* End PBXSourcesBuildPhase section */

/* Begin PBXVariantGroup section */
		9DAB79FD1CD7F69700AFA1CC /* Main.storyboard */ = {
			isa = PBXVariantGroup;
			children = (
				9DAB79FE1CD7F69700AFA1CC /* Base */,
			);
			name = Main.storyboard;
			sourceTree = "<group>";
		};
		9DAB7A021CD7F69700AFA1CC /* LaunchScreen.storyboard */ = {
			isa = PBXVariantGroup;
			children = (
				9DAB7A031CD7F69700AFA1CC /* Base */,
			);
			name = LaunchScreen.storyboard;
			sourceTree = "<group>";
		};
/* End PBXVariantGroup section */

/* Begin XCBuildConfiguration section */
		9DAB7A061CD7F69700AFA1CC /* Debug */ = {
			isa = XCBuildConfiguration;
			buildSettings = {
				ALWAYS_SEARCH_USER_PATHS = NO;
				CLANG_ANALYZER_NONNULL = YES;
				CLANG_CXX_LANGUAGE_STANDARD = "gnu++0x";
				CLANG_CXX_LIBRARY = "libc++";
				CLANG_ENABLE_MODULES = YES;
				CLANG_ENABLE_OBJC_ARC = YES;
				CLANG_WARN_BOOL_CONVERSION = YES;
				CLANG_WARN_CONSTANT_CONVERSION = YES;
				CLANG_WARN_DIRECT_OBJC_ISA_USAGE = YES_ERROR;
				CLANG_WARN_EMPTY_BODY = YES;
				CLANG_WARN_ENUM_CONVERSION = YES;
				CLANG_WARN_INT_CONVERSION = YES;
				CLANG_WARN_OBJC_ROOT_CLASS = YES_ERROR;
				CLANG_WARN_UNREACHABLE_CODE = YES;
				CLANG_WARN__DUPLICATE_METHOD_MATCH = YES;
				"CODE_SIGN_IDENTITY[sdk=iphoneos*]" = "iPhone Developer";
				COPY_PHASE_STRIP = NO;
				DEBUG_INFORMATION_FORMAT = dwarf;
				ENABLE_STRICT_OBJC_MSGSEND = YES;
				ENABLE_TESTABILITY = YES;
				GCC_C_LANGUAGE_STANDARD = gnu99;
				GCC_DYNAMIC_NO_PIC = NO;
				GCC_NO_COMMON_BLOCKS = YES;
				GCC_OPTIMIZATION_LEVEL = 0;
				GCC_PREPROCESSOR_DEFINITIONS = (
					"DEBUG=1",
					"$(inherited)",
				);
				GCC_WARN_64_TO_32_BIT_CONVERSION = YES;
				GCC_WARN_ABOUT_RETURN_TYPE = YES_ERROR;
				GCC_WARN_UNDECLARED_SELECTOR = YES;
				GCC_WARN_UNINITIALIZED_AUTOS = YES_AGGRESSIVE;
				GCC_WARN_UNUSED_FUNCTION = YES;
				GCC_WARN_UNUSED_VARIABLE = YES;
				IPHONEOS_DEPLOYMENT_TARGET = 9.3;
				MTL_ENABLE_DEBUG_INFO = YES;
				ONLY_ACTIVE_ARCH = YES;
				SDKROOT = iphoneos;
				SWIFT_OPTIMIZATION_LEVEL = "-Onone";
			};
			name = Debug;
		};
		9DAB7A071CD7F69700AFA1CC /* Release */ = {
			isa = XCBuildConfiguration;
			buildSettings = {
				ALWAYS_SEARCH_USER_PATHS = NO;
				CLANG_ANALYZER_NONNULL = YES;
				CLANG_CXX_LANGUAGE_STANDARD = "gnu++0x";
				CLANG_CXX_LIBRARY = "libc++";
				CLANG_ENABLE_MODULES = YES;
				CLANG_ENABLE_OBJC_ARC = YES;
				CLANG_WARN_BOOL_CONVERSION = YES;
				CLANG_WARN_CONSTANT_CONVERSION = YES;
				CLANG_WARN_DIRECT_OBJC_ISA_USAGE = YES_ERROR;
				CLANG_WARN_EMPTY_BODY = YES;
				CLANG_WARN_ENUM_CONVERSION = YES;
				CLANG_WARN_INT_CONVERSION = YES;
				CLANG_WARN_OBJC_ROOT_CLASS = YES_ERROR;
				CLANG_WARN_UNREACHABLE_CODE = YES;
				CLANG_WARN__DUPLICATE_METHOD_MATCH = YES;
				"CODE_SIGN_IDENTITY[sdk=iphoneos*]" = "iPhone Developer";
				COPY_PHASE_STRIP = NO;
				DEBUG_INFORMATION_FORMAT = "dwarf-with-dsym";
				ENABLE_NS_ASSERTIONS = NO;
				ENABLE_STRICT_OBJC_MSGSEND = YES;
				GCC_C_LANGUAGE_STANDARD = gnu99;
				GCC_NO_COMMON_BLOCKS = YES;
				GCC_WARN_64_TO_32_BIT_CONVERSION = YES;
				GCC_WARN_ABOUT_RETURN_TYPE = YES_ERROR;
				GCC_WARN_UNDECLARED_SELECTOR = YES;
				GCC_WARN_UNINITIALIZED_AUTOS = YES_AGGRESSIVE;
				GCC_WARN_UNUSED_FUNCTION = YES;
				GCC_WARN_UNUSED_VARIABLE = YES;
				IPHONEOS_DEPLOYMENT_TARGET = 9.3;
				MTL_ENABLE_DEBUG_INFO = NO;
				SDKROOT = iphoneos;
				VALIDATE_PRODUCT = YES;
			};
			name = Release;
		};
		9DAB7A091CD7F69700AFA1CC /* Debug */ = {
			isa = XCBuildConfiguration;
			buildSettings = {
				ASSETCATALOG_COMPILER_APPICON_NAME = AppIcon;
				INFOPLIST_FILE = HelloWorld/Info.plist;
				LD_RUNPATH_SEARCH_PATHS = "$(inherited) @executable_path/Frameworks";
				PRODUCT_BUNDLE_IDENTIFIER = com.devs.HelloWorld;
				PRODUCT_NAME = "$(TARGET_NAME)";
			};
			name = Debug;
		};
		9DAB7A0A1CD7F69700AFA1CC /* Release */ = {
			isa = XCBuildConfiguration;
			buildSettings = {
				ASSETCATALOG_COMPILER_APPICON_NAME = AppIcon;
				INFOPLIST_FILE = HelloWorld/Info.plist;
				LD_RUNPATH_SEARCH_PATHS = "$(inherited) @executable_path/Frameworks";
				PRODUCT_BUNDLE_IDENTIFIER = com.devs.HelloWorld;
				PRODUCT_NAME = "$(TARGET_NAME)";
			};
			name = Release;
		};
/* End XCBuildConfiguration section */

/* Begin XCConfigurationList section */
		9DAB79F11CD7F69600AFA1CC /* Build configuration list for PBXProject "HelloWorld" */ = {
			isa = XCConfigurationList;
			buildConfigurations = (
				9DAB7A061CD7F69700AFA1CC /* Debug */,
				9DAB7A071CD7F69700AFA1CC /* Release */,
			);
			defaultConfigurationIsVisible = 0;
			defaultConfigurationName = Release;
		};
		9DAB7A081CD7F69700AFA1CC /* Build configuration list for PBXNativeTarget "HelloWorld" */ = {
			isa = XCConfigurationList;
			buildConfigurations = (
				9DAB7A091CD7F69700AFA1CC /* Debug */,
				9DAB7A0A1CD7F69700AFA1CC /* Release */,
			);
			defaultConfigurationIsVisible = 0;
		};
/* End XCConfigurationList section */
	};
	rootObject = 9DAB79EE1CD7F69600AFA1CC /* Project object */;
}
